
Microsoft Visual Studio Solution File, Format Version 12.00
# Visual Studio Version 17
VisualStudioVersion = 17.14.36511.14 d17.14
MinimumVisualStudioVersion = 10.0.40219.1
Project("{FAE04EC0-301F-11D3-BF4B-00C04F79EFBC}") = "MyInheritanceLibrary", "MyInheritanceLibrary\MyInheritanceLibrary.csproj", "{53E7A12D-BA08-4983-83E8-606CB537E2EB}"
EndProject
Global
	GlobalSection(SolutionConfigurationPlatforms) = preSolution
		Debug|Any CPU = Debug|Any CPU
		Release|Any CPU = Release|Any CPU
	EndGlobalSection
	GlobalSection(ProjectConfigurationPlatforms) = postSolution
		{53E7A12D-BA08-4983-83E8-606CB537E2EB}.Debug|Any CPU.ActiveCfg = Debug|Any CPU
		{53E7A12D-BA08-4983-83E8-606CB537E2EB}.Debug|Any CPU.Build.0 = Debug|Any CPU
		{53E7A12D-BA08-4983-83E8-606CB537E2EB}.Release|Any CPU.ActiveCfg = Release|Any CPU
		{53E7A12D-BA08-4983-83E8-606CB537E2EB}.Release|Any CPU.Build.0 = Release|Any CPU
	EndGlobalSection
	GlobalSection(SolutionProperties) = preSolution
		HideSolutionNode = FALSE
	EndGlobalSection
	GlobalSection(ExtensibilityGlobals) = postSolution
		SolutionGuid = {8B997AF3-B0E4-4FDB-A2E9-7FB691777200}
	EndGlobalSection
EndGlobal
